
Microsoft Visual Studio Solution File, Format Version 12.00
# Visual Studio Version 17
VisualStudioVersion = 17.14.36408.4
MinimumVisualStudioVersion = 10.0.40219.1
Project("{FAE04EC0-301F-11D3-BF4B-00C04F79EFBC}") = "FamousVenues", "VenuesOnline\FamousVenues.csproj", "{09434A7B-435E-4E78-A717-254F76CF672C}"
EndProject
Project("{FAE04EC0-301F-11D3-BF4B-00C04F79EFBC}") = "DataLayer", "DataLayer\DataLayer.csproj", "{9F00A668-6445-4BDA-B782-8988F5D25452}"
EndProject
Project("{FAE04EC0-301F-11D3-BF4B-00C04F79EFBC}") = "ServiceLayer", "ServiceLayer\ServiceLayer.csproj", "{A1B1FBE6-3B73-4DFF-99A2-01DE7EA80D68}"
EndProject
Project("{2150E333-8FDC-42A3-9474-1A3956D46DE8}") = "AzureServiceBusDemo", "AzureServiceBusDemo", "{02EA681E-C7D8-13C7-8484-4AC65E1B71E8}"
EndProject
Project("{FAE04EC0-301F-11D3-BF4B-00C04F79EFBC}") = "SBSender", "SBSender\SBSender.csproj", "{8162D81A-D496-4900-97B0-36C649DDAB04}"
EndProject
Project("{FAE04EC0-301F-11D3-BF4B-00C04F79EFBC}") = "SBShared", "SBShared\SBShared.csproj", "{DCF24EDD-3F6A-4F73-B927-B9FC9F301E17}"
EndProject
Project("{2150E333-8FDC-42A3-9474-1A3956D46DE8}") = "OOPSamples", "OOPSamples", "{46FF0865-F03D-4231-86A8-004DAC588D2B}"
EndProject
Project("{FAE04EC0-301F-11D3-BF4B-00C04F79EFBC}") = "ObjectInitializationOrder", "ObjectInitialationOrder\ObjectInitializationOrder.csproj", "{CED9E2E8-3997-43BB-8E20-3AB7A684599C}"
EndProject
Project("{FAE04EC0-301F-11D3-BF4B-00C04F79EFBC}") = "SBReceiver", "SBReceiver\SBReceiver.csproj", "{91784C84-BCEB-715B-046F-9DFE3C1470B7}"
EndProject
Global
	GlobalSection(SolutionConfigurationPlatforms) = preSolution
		Debug|Any CPU = Debug|Any CPU
		Release|Any CPU = Release|Any CPU
	EndGlobalSection
	GlobalSection(ProjectConfigurationPlatforms) = postSolution
		{09434A7B-435E-4E78-A717-254F76CF672C}.Debug|Any CPU.ActiveCfg = Debug|Any CPU
		{09434A7B-435E-4E78-A717-254F76CF672C}.Debug|Any CPU.Build.0 = Debug|Any CPU
		{09434A7B-435E-4E78-A717-254F76CF672C}.Release|Any CPU.ActiveCfg = Release|Any CPU
		{09434A7B-435E-4E78-A717-254F76CF672C}.Release|Any CPU.Build.0 = Release|Any CPU
		{9F00A668-6445-4BDA-B782-8988F5D25452}.Debug|Any CPU.ActiveCfg = Debug|Any CPU
		{9F00A668-6445-4BDA-B782-8988F5D25452}.Debug|Any CPU.Build.0 = Debug|Any CPU
		{9F00A668-6445-4BDA-B782-8988F5D25452}.Release|Any CPU.ActiveCfg = Release|Any CPU
		{9F00A668-6445-4BDA-B782-8988F5D25452}.Release|Any CPU.Build.0 = Release|Any CPU
		{A1B1FBE6-3B73-4DFF-99A2-01DE7EA80D68}.Debug|Any CPU.ActiveCfg = Debug|Any CPU
		{A1B1FBE6-3B73-4DFF-99A2-01DE7EA80D68}.Debug|Any CPU.Build.0 = Debug|Any CPU
		{A1B1FBE6-3B73-4DFF-99A2-01DE7EA80D68}.Release|Any CPU.ActiveCfg = Release|Any CPU
		{A1B1FBE6-3B73-4DFF-99A2-01DE7EA80D68}.Release|Any CPU.Build.0 = Release|Any CPU
		{8162D81A-D496-4900-97B0-36C649DDAB04}.Debug|Any CPU.ActiveCfg = Debug|Any CPU
		{8162D81A-D496-4900-97B0-36C649DDAB04}.Debug|Any CPU.Build.0 = Debug|Any CPU
		{8162D81A-D496-4900-97B0-36C649DDAB04}.Release|Any CPU.ActiveCfg = Release|Any CPU
		{8162D81A-D496-4900-97B0-36C649DDAB04}.Release|Any CPU.Build.0 = Release|Any CPU
		{DCF24EDD-3F6A-4F73-B927-B9FC9F301E17}.Debug|Any CPU.ActiveCfg = Debug|Any CPU
		{DCF24EDD-3F6A-4F73-B927-B9FC9F301E17}.Debug|Any CPU.Build.0 = Debug|Any CPU
		{DCF24EDD-3F6A-4F73-B927-B9FC9F301E17}.Release|Any CPU.ActiveCfg = Release|Any CPU
		{DCF24EDD-3F6A-4F73-B927-B9FC9F301E17}.Release|Any CPU.Build.0 = Release|Any CPU
		{CED9E2E8-3997-43BB-8E20-3AB7A684599C}.Debug|Any CPU.ActiveCfg = Debug|Any CPU
		{CED9E2E8-3997-43BB-8E20-3AB7A684599C}.Debug|Any CPU.Build.0 = Debug|Any CPU
		{CED9E2E8-3997-43BB-8E20-3AB7A684599C}.Release|Any CPU.ActiveCfg = Release|Any CPU
		{CED9E2E8-3997-43BB-8E20-3AB7A684599C}.Release|Any CPU.Build.0 = Release|Any CPU
		{91784C84-BCEB-715B-046F-9DFE3C1470B7}.Debug|Any CPU.ActiveCfg = Debug|Any CPU
		{91784C84-BCEB-715B-046F-9DFE3C1470B7}.Debug|Any CPU.Build.0 = Debug|Any CPU
		{91784C84-BCEB-715B-046F-9DFE3C1470B7}.Release|Any CPU.ActiveCfg = Release|Any CPU
		{91784C84-BCEB-715B-046F-9DFE3C1470B7}.Release|Any CPU.Build.0 = Release|Any CPU
	EndGlobalSection
	GlobalSection(SolutionProperties) = preSolution
		HideSolutionNode = FALSE
	EndGlobalSection
	GlobalSection(NestedProjects) = preSolution
		{8162D81A-D496-4900-97B0-36C649DDAB04} = {02EA681E-C7D8-13C7-8484-4AC65E1B71E8}
		{DCF24EDD-3F6A-4F73-B927-B9FC9F301E17} = {02EA681E-C7D8-13C7-8484-4AC65E1B71E8}
		{CED9E2E8-3997-43BB-8E20-3AB7A684599C} = {46FF0865-F03D-4231-86A8-004DAC588D2B}
		{91784C84-BCEB-715B-046F-9DFE3C1470B7} = {02EA681E-C7D8-13C7-8484-4AC65E1B71E8}
	EndGlobalSection
	GlobalSection(ExtensibilityGlobals) = postSolution
		SolutionGuid = {7C462E54-D4BB-473D-956D-8234C5730196}
	EndGlobalSection
EndGlobal
